
Microsoft Visual Studio Solution File, Format Version 12.00
# Visual Studio 2012
Project("{FAE04EC0-301F-11D3-BF4B-00C04F79EFBC}") = "AdslUsageData", "AdslUsageData\AdslUsageData.csproj", "{116DD6B8-8F7A-49AE-A99F-81F87697FDC4}"
EndProject
Project("{FAE04EC0-301F-11D3-BF4B-00C04F79EFBC}") = "CsvReader", "CsvReader\CsvReader.csproj", "{CC7883D1-8414-4642-BD08-8E830E5ACDFD}"
EndProject
Project("{FAE04EC0-301F-11D3-BF4B-00C04F79EFBC}") = "DynamicCSVReaderTest", "DynamicCSVReaderTest\DynamicCSVReaderTest.csproj", "{CBCA2CCA-CCEC-4B24-9A03-55E53B71BDBF}"
EndProject
Global
	GlobalSection(SolutionConfigurationPlatforms) = preSolution
		Debug|Any CPU = Debug|Any CPU
		Release|Any CPU = Release|Any CPU
	EndGlobalSection
	GlobalSection(ProjectConfigurationPlatforms) = postSolution
		{116DD6B8-8F7A-49AE-A99F-81F87697FDC4}.Debug|Any CPU.ActiveCfg = Debug|Any CPU
		{116DD6B8-8F7A-49AE-A99F-81F87697FDC4}.Debug|Any CPU.Build.0 = Debug|Any CPU
		{116DD6B8-8F7A-49AE-A99F-81F87697FDC4}.Release|Any CPU.ActiveCfg = Release|Any CPU
		{116DD6B8-8F7A-49AE-A99F-81F87697FDC4}.Release|Any CPU.Build.0 = Release|Any CPU
		{CC7883D1-8414-4642-BD08-8E830E5ACDFD}.Debug|Any CPU.ActiveCfg = Debug|Any CPU
		{CC7883D1-8414-4642-BD08-8E830E5ACDFD}.Debug|Any CPU.Build.0 = Debug|Any CPU
		{CC7883D1-8414-4642-BD08-8E830E5ACDFD}.Release|Any CPU.ActiveCfg = Release|Any CPU
		{CC7883D1-8414-4642-BD08-8E830E5ACDFD}.Release|Any CPU.Build.0 = Release|Any CPU
		{CBCA2CCA-CCEC-4B24-9A03-55E53B71BDBF}.Debug|Any CPU.ActiveCfg = Debug|Any CPU
		{CBCA2CCA-CCEC-4B24-9A03-55E53B71BDBF}.Debug|Any CPU.Build.0 = Debug|Any CPU
		{CBCA2CCA-CCEC-4B24-9A03-55E53B71BDBF}.Release|Any CPU.ActiveCfg = Release|Any CPU
		{CBCA2CCA-CCEC-4B24-9A03-55E53B71BDBF}.Release|Any CPU.Build.0 = Release|Any CPU
	EndGlobalSection
	GlobalSection(SolutionProperties) = preSolution
		HideSolutionNode = FALSE
	EndGlobalSection
EndGlobal
